// !$*UTF8*$!
{
	archiveVersion = 1;
	classes = {
	};
	objectVersion = 46;
	objects = {

/* Begin PBXBuildFile section */
		188D84191E08485F000AB1FA /* TTTButtons.swift in Sources */ = {isa = PBXBuildFile; fileRef = 188D84181E08485F000AB1FA /* TTTButtons.swift */; };
		18CD74071E0693E7007384AB /* AppDelegate.swift in Sources */ = {isa = PBXBuildFile; fileRef = 18CD74061E0693E7007384AB /* AppDelegate.swift */; };
		18CD74091E0693E7007384AB /* GameViewController.swift in Sources */ = {isa = PBXBuildFile; fileRef = 18CD74081E0693E7007384AB /* GameViewController.swift */; };
		18CD740C1E0693E7007384AB /* Main.storyboard in Resources */ = {isa = PBXBuildFile; fileRef = 18CD740A1E0693E7007384AB /* Main.storyboard */; };
		18CD740E1E0693E7007384AB /* Assets.xcassets in Resources */ = {isa = PBXBuildFile; fileRef = 18CD740D1E0693E7007384AB /* Assets.xcassets */; };
		18CD74111E0693E7007384AB /* LaunchScreen.storyboard in Resources */ = {isa = PBXBuildFile; fileRef = 18CD740F1E0693E7007384AB /* LaunchScreen.storyboard */; };
		18CD741B1E069E77007384AB /* GameMenu.swift in Sources */ = {isa = PBXBuildFile; fileRef = 18CD741A1E069E77007384AB /* GameMenu.swift */; };
		18CD741E1E06ADBF007384AB /* AIEngine.swift in Sources */ = {isa = PBXBuildFile; fileRef = 18CD741D1E06ADBF007384AB /* AIEngine.swift */; };
/* End PBXBuildFile section */

/* Begin PBXFileReference section */
		188D84181E08485F000AB1FA /* TTTButtons.swift */ = {isa = PBXFileReference; fileEncoding = 4; lastKnownFileType = sourcecode.swift; path = TTTButtons.swift; sourceTree = "<group>"; };
		18CD74031E0693E7007384AB /* TicTacToe.app */ = {isa = PBXFileReference; explicitFileType = wrapper.application; includeInIndex = 0; path = TicTacToe.app; sourceTree = BUILT_PRODUCTS_DIR; };
		18CD74061E0693E7007384AB /* AppDelegate.swift */ = {isa = PBXFileReference; lastKnownFileType = sourcecode.swift; path = AppDelegate.swift; sourceTree = "<group>"; };
		18CD74081E0693E7007384AB /* GameViewController.swift */ = {isa = PBXFileReference; lastKnownFileType = sourcecode.swift; path = GameViewController.swift; sourceTree = "<group>"; };
		18CD740B1E0693E7007384AB /* Base */ = {isa = PBXFileReference; lastKnownFileType = file.storyboard; name = Base; path = Base.lproj/Main.storyboard; sourceTree = "<group>"; };
		18CD740D1E0693E7007384AB /* Assets.xcassets */ = {isa = PBXFileReference; lastKnownFileType = folder.assetcatalog; path = Assets.xcassets; sourceTree = "<group>"; };
		18CD74101E0693E7007384AB /* Base */ = {isa = PBXFileReference; lastKnownFileType = file.storyboard; name = Base; path = Base.lproj/LaunchScreen.storyboard; sourceTree = "<group>"; };
		18CD74121E0693E7007384AB /* Info.plist */ = {isa = PBXFileReference; lastKnownFileType = text.plist.xml; path = Info.plist; sourceTree = "<group>"; };
		18CD741A1E069E77007384AB /* GameMenu.swift */ = {isa = PBXFileReference; fileEncoding = 4; lastKnownFileType = sourcecode.swift; path = GameMenu.swift; sourceTree = "<group>"; };
		18CD741D1E06ADBF007384AB /* AIEngine.swift */ = {isa = PBXFileReference; fileEncoding = 4; lastKnownFileType = sourcecode.swift; path = AIEngine.swift; sourceTree = "<group>"; };
/* End PBXFileReference section */

/* Begin PBXFrameworksBuildPhase section */
		18CD74001E0693E7007384AB /* Frameworks */ = {
			isa = PBXFrameworksBuildPhase;
			buildActionMask = 2147483647;
			files = (
			);
			runOnlyForDeploymentPostprocessing = 0;
		};
/* End PBXFrameworksBuildPhase section */

/* Begin PBXGroup section */
		18CD73FA1E0693E7007384AB = {
			isa = PBXGroup;
			children = (
				18CD74051E0693E7007384AB /* TicTacToe */,
				18CD74041E0693E7007384AB /* Products */,
			);
			sourceTree = "<group>";
		};
		18CD74041E0693E7007384AB /* Products */ = {
			isa = PBXGroup;
			children = (
				18CD74031E0693E7007384AB /* TicTacToe.app */,
			);
			name = Products;
			sourceTree = "<group>";
		};
		18CD74051E0693E7007384AB /* TicTacToe */ = {
			isa = PBXGroup;
			children = (
				18CD741C1E06AD98007384AB /* Support Files */,
				18CD74081E0693E7007384AB /* GameViewController.swift */,
				18CD741D1E06ADBF007384AB /* AIEngine.swift */,
				18CD741A1E069E77007384AB /* GameMenu.swift */,
				188D84181E08485F000AB1FA /* TTTButtons.swift */,
				18CD740A1E0693E7007384AB /* Main.storyboard */,
			);
			path = TicTacToe;
			sourceTree = "<group>";
		};
		18CD741C1E06AD98007384AB /* Support Files */ = {
			isa = PBXGroup;
			children = (
				18CD74061E0693E7007384AB /* AppDelegate.swift */,
				18CD740D1E0693E7007384AB /* Assets.xcassets */,
				18CD740F1E0693E7007384AB /* LaunchScreen.storyboard */,
				18CD74121E0693E7007384AB /* Info.plist */,
			);
			name = "Support Files";
			sourceTree = "<group>";
		};
/* End PBXGroup section */

/* Begin PBXNativeTarget section */
		18CD74021E0693E7007384AB /* TicTacToe */ = {
			isa = PBXNativeTarget;
			buildConfigurationList = 18CD74151E0693E7007384AB /* Build configuration list for PBXNativeTarget "TicTacToe" */;
			buildPhases = (
				18CD73FF1E0693E7007384AB /* Sources */,
				18CD74001E0693E7007384AB /* Frameworks */,
				18CD74011E0693E7007384AB /* Resources */,
			);
			buildRules = (
			);
			dependencies = (
			);
			name = TicTacToe;
			productName = TicTacToe;
			productReference = 18CD74031E0693E7007384AB /* TicTacToe.app */;
			productType = "com.apple.product-type.application";
		};
/* End PBXNativeTarget section */

/* Begin PBXProject section */
		18CD73FB1E0693E7007384AB /* Project object */ = {
			isa = PBXProject;
			attributes = {
				LastSwiftUpdateCheck = 0810;
				LastUpgradeCheck = 0810;
				ORGANIZATIONNAME = apple;
				TargetAttributes = {
					18CD74021E0693E7007384AB = {
						CreatedOnToolsVersion = 8.1;
						ProvisioningStyle = Automatic;
					};
				};
			};
			buildConfigurationList = 18CD73FE1E0693E7007384AB /* Build configuration list for PBXProject "TicTacToe" */;
			compatibilityVersion = "Xcode 3.2";
			developmentRegion = English;
			hasScannedForEncodings = 0;
			knownRegions = (
				en,
				Base,
			);
			mainGroup = 18CD73FA1E0693E7007384AB;
			productRefGroup = 18CD74041E0693E7007384AB /* Products */;
			projectDirPath = "";
			projectRoot = "";
			targets = (
				18CD74021E0693E7007384AB /* TicTacToe */,
			);
		};
/* End PBXProject section */

/* Begin PBXResourcesBuildPhase section */
		18CD74011E0693E7007384AB /* Resources */ = {
			isa = PBXResourcesBuildPhase;
			buildActionMask = 2147483647;
			files = (
				18CD74111E0693E7007384AB /* LaunchScreen.storyboard in Resources */,
				18CD740E1E0693E7007384AB /* Assets.xcassets in Resources */,
				18CD740C1E0693E7007384AB /* Main.storyboard in Resources */,
			);
			runOnlyForDeploymentPostprocessing = 0;
		};
/* End PBXResourcesBuildPhase section */

/* Begin PBXSourcesBuildPhase section */
		18CD73FF1E0693E7007384AB /* Sources */ = {
			isa = PBXSourcesBuildPhase;
			buildActionMask = 2147483647;
			files = (
				188D84191E08485F000AB1FA /* TTTButtons.swift in Sources */,
				18CD741E1E06ADBF007384AB /* AIEngine.swift in Sources */,
				18CD741B1E069E77007384AB /* GameMenu.swift in Sources */,
				18CD74091E0693E7007384AB /* GameViewController.swift in Sources */,
				18CD74071E0693E7007384AB /* AppDelegate.swift in Sources */,
			);
			runOnlyForDeploymentPostprocessing = 0;
		};
/* End PBXSourcesBuildPhase section */

/* Begin PBXVariantGroup section */
		18CD740A1E0693E7007384AB /* Main.storyboard */ = {
			isa = PBXVariantGroup;
			children = (
				18CD740B1E0693E7007384AB /* Base */,
			);
			name = Main.storyboard;
			sourceTree = "<group>";
		};
		18CD740F1E0693E7007384AB /* LaunchScreen.storyboard */ = {
			isa = PBXVariantGroup;
			children = (
				18CD74101E0693E7007384AB /* Base */,
			);
			name = LaunchScreen.storyboard;
			sourceTree = "<group>";
		};
/* End PBXVariantGroup section */

/* Begin XCBuildConfiguration section */
		18CD74131E0693E7007384AB /* Debug */ = {
			isa = XCBuildConfiguration;
			buildSettings = {
				ALWAYS_SEARCH_USER_PATHS = NO;
				CLANG_ANALYZER_NONNULL = YES;
				CLANG_CXX_LANGUAGE_STANDARD = "gnu++0x";
				CLANG_CXX_LIBRARY = "libc++";
				CLANG_ENABLE_MODULES = YES;
				CLANG_ENABLE_OBJC_ARC = YES;
				CLANG_WARN_BOOL_CONVERSION = YES;
				CLANG_WARN_CONSTANT_CONVERSION = YES;
				CLANG_WARN_DIRECT_OBJC_ISA_USAGE = YES_ERROR;
				CLANG_WARN_DOCUMENTATION_COMMENTS = YES;
				CLANG_WARN_EMPTY_BODY = YES;
				CLANG_WARN_ENUM_CONVERSION = YES;
				CLANG_WARN_INFINITE_RECURSION = YES;
				CLANG_WARN_INT_CONVERSION = YES;
				CLANG_WARN_OBJC_ROOT_CLASS = YES_ERROR;
				CLANG_WARN_SUSPICIOUS_MOVES = YES;
				CLANG_WARN_UNREACHABLE_CODE = YES;
				CLANG_WARN__DUPLICATE_METHOD_MATCH = YES;
				"CODE_SIGN_IDENTITY[sdk=iphoneos*]" = "iPhone Developer";
				COPY_PHASE_STRIP = NO;
				DEBUG_INFORMATION_FORMAT = dwarf;
				ENABLE_STRICT_OBJC_MSGSEND = YES;
				ENABLE_TESTABILITY = YES;
				GCC_C_LANGUAGE_STANDARD = gnu99;
				GCC_DYNAMIC_NO_PIC = NO;
				GCC_NO_COMMON_BLOCKS = YES;
				GCC_OPTIMIZATION_LEVEL = 0;
				GCC_PREPROCESSOR_DEFINITIONS = (
					"DEBUG=1",
					"$(inherited)",
				);
				GCC_WARN_64_TO_32_BIT_CONVERSION = YES;
				GCC_WARN_ABOUT_RETURN_TYPE = YES_ERROR;
				GCC_WARN_UNDECLARED_SELECTOR = YES;
				GCC_WARN_UNINITIALIZED_AUTOS = YES_AGGRESSIVE;
				GCC_WARN_UNUSED_FUNCTION = YES;
				GCC_WARN_UNUSED_VARIABLE = YES;
				IPHONEOS_DEPLOYMENT_TARGET = 10.1;
				MTL_ENABLE_DEBUG_INFO = YES;
				ONLY_ACTIVE_ARCH = YES;
				SDKROOT = iphoneos;
				SWIFT_ACTIVE_COMPILATION_CONDITIONS = DEBUG;
				SWIFT_OPTIMIZATION_LEVEL = "-Onone";
			};
			name = Debug;
		};
		18CD74141E0693E7007384AB /* Release */ = {
			isa = XCBuildConfiguration;
			buildSettings = {
				ALWAYS_SEARCH_USER_PATHS = NO;
				CLANG_ANALYZER_NONNULL = YES;
				CLANG_CXX_LANGUAGE_STANDARD = "gnu++0x";
				CLANG_CXX_LIBRARY = "libc++";
				CLANG_ENABLE_MODULES = YES;
				CLANG_ENABLE_OBJC_ARC = YES;
				CLANG_WARN_BOOL_CONVERSION = YES;
				CLANG_WARN_CONSTANT_CONVERSION = YES;
				CLANG_WARN_DIRECT_OBJC_ISA_USAGE = YES_ERROR;
				CLANG_WARN_DOCUMENTATION_COMMENTS = YES;
				CLANG_WARN_EMPTY_BODY = YES;
				CLANG_WARN_ENUM_CONVERSION = YES;
				CLANG_WARN_INFINITE_RECURSION = YES;
				CLANG_WARN_INT_CONVERSION = YES;
				CLANG_WARN_OBJC_ROOT_CLASS = YES_ERROR;
				CLANG_WARN_SUSPICIOUS_MOVES = YES;
				CLANG_WARN_UNREACHABLE_CODE = YES;
				CLANG_WARN__DUPLICATE_METHOD_MATCH = YES;
				"CODE_SIGN_IDENTITY[sdk=iphoneos*]" = "iPhone Developer";
				COPY_PHASE_STRIP = NO;
				DEBUG_INFORMATION_FORMAT = "dwarf-with-dsym";
				ENABLE_NS_ASSERTIONS = NO;
				ENABLE_STRICT_OBJC_MSGSEND = YES;
				GCC_C_LANGUAGE_STANDARD = gnu99;
				GCC_NO_COMMON_BLOCKS = YES;
				GCC_WARN_64_TO_32_BIT_CONVERSION = YES;
				GCC_WARN_ABOUT_RETURN_TYPE = YES_ERROR;
				GCC_WARN_UNDECLARED_SELECTOR = YES;
				GCC_WARN_UNINITIALIZED_AUTOS = YES_AGGRESSIVE;
				GCC_WARN_UNUSED_FUNCTION = YES;
				GCC_WARN_UNUSED_VARIABLE = YES;
				IPHONEOS_DEPLOYMENT_TARGET = 10.1;
				MTL_ENABLE_DEBUG_INFO = NO;
				SDKROOT = iphoneos;
				SWIFT_OPTIMIZATION_LEVEL = "-Owholemodule";
				VALIDATE_PRODUCT = YES;
			};
			name = Release;
		};
		18CD74161E0693E7007384AB /* Debug */ = {
			isa = XCBuildConfiguration;
			buildSettings = {
				ASSETCATALOG_COMPILER_APPICON_NAME = AppIcon;
				INFOPLIST_FILE = TicTacToe/Info.plist;
				LD_RUNPATH_SEARCH_PATHS = "$(inherited) @executable_path/Frameworks";
				PRODUCT_BUNDLE_IDENTIFIER = com.paullele.TicTacToe;
				PRODUCT_NAME = "$(TARGET_NAME)";
				SWIFT_VERSION = 3.0;
			};
			name = Debug;
		};
		18CD74171E0693E7007384AB /* Release */ = {
			isa = XCBuildConfiguration;
			buildSettings = {
				ASSETCATALOG_COMPILER_APPICON_NAME = AppIcon;
				INFOPLIST_FILE = TicTacToe/Info.plist;
				LD_RUNPATH_SEARCH_PATHS = "$(inherited) @executable_path/Frameworks";
				PRODUCT_BUNDLE_IDENTIFIER = com.paullele.TicTacToe;
				PRODUCT_NAME = "$(TARGET_NAME)";
				SWIFT_VERSION = 3.0;
			};
			name = Release;
		};
/* End XCBuildConfiguration section */

/* Begin XCConfigurationList section */
		18CD73FE1E0693E7007384AB /* Build configuration list for PBXProject "TicTacToe" */ = {
			isa = XCConfigurationList;
			buildConfigurations = (
				18CD74131E0693E7007384AB /* Debug */,
				18CD74141E0693E7007384AB /* Release */,
			);
			defaultConfigurationIsVisible = 0;
			defaultConfigurationName = Release;
		};
		18CD74151E0693E7007384AB /* Build configuration list for PBXNativeTarget "TicTacToe" */ = {
			isa = XCConfigurationList;
			buildConfigurations = (
				18CD74161E0693E7007384AB /* Debug */,
				18CD74171E0693E7007384AB /* Release */,
			);
			defaultConfigurationIsVisible = 0;
			defaultConfigurationName = Release;
		};
/* End XCConfigurationList section */
	};
	rootObject = 18CD73FB1E0693E7007384AB /* Project object */;
}
